// !$*UTF8*$!
{
	archiveVersion = 1;
	classes = {
	};
	objectVersion = 46;
	objects = {

/* Begin PBXGroup section */
		965ECBC719356F8500CA30FF = {
			isa = PBXGroup;
			children = (
			);
			sourceTree = "<group>";
		};
/* End PBXGroup section */

/* Begin PBXProject section */
		965ECBC819356F8500CA30FF /* Project object */ = {
			isa = PBXProject;
			attributes = {
				LastUpgradeCheck = 0500;
			};
			buildConfigurationList = 965ECBCB19356F8500CA30FF /* Build configuration list for PBXProject "PyBrasil" */;
			compatibilityVersion = "Xcode 3.2";
			developmentRegion = English;
			hasScannedForEncodings = 0;
			knownRegions = (
				en,
			);
			mainGroup = 965ECBC719356F8500CA30FF;
			projectDirPath = "";
			projectRoot = "";
			targets = (
			);
		};
/* End PBXProject section */

/* Begin XCBuildConfiguration section */
		965ECBCC19356F8500CA30FF /* Debug */ = {
			isa = XCBuildConfiguration;
			buildSettings = {
			};
			name = Debug;
		};
		965ECBCD19356F8500CA30FF /* Release */ = {
			isa = XCBuildConfiguration;
			buildSettings = {
			};
			name = Release;
		};
/* End XCBuildConfiguration section */

/* Begin XCConfigurationList section */
		965ECBCB19356F8500CA30FF /* Build configuration list for PBXProject "PyBrasil" */ = {
			isa = XCConfigurationList;
			buildConfigurations = (
				965ECBCC19356F8500CA30FF /* Debug */,
				965ECBCD19356F8500CA30FF /* Release */,
			);
			defaultConfigurationIsVisible = 0;
			defaultConfigurationName = Release;
		};
/* End XCConfigurationList section */
	};
	rootObject = 965ECBC819356F8500CA30FF /* Project object */;
}
